
Microsoft Visual Studio Solution File, Format Version 12.00
# Visual Studio Version 17
VisualStudioVersion = 17.6.33815.320
MinimumVisualStudioVersion = 10.0.40219.1
Project("{FAE04EC0-301F-11D3-BF4B-00C04F79EFBC}") = "BankApps - Models", "BankApps - Models\BankApps - Models.csproj", "{E838F907-EB66-4A5F-95A1-7FAF57F0A69A}"
EndProject
Project("{FAE04EC0-301F-11D3-BF4B-00C04F79EFBC}") = "Utilities", "Utilities\Utilities.csproj", "{E3CEF557-DB9A-48A2-94C3-C816F69B9D50}"
EndProject
Project("{FAE04EC0-301F-11D3-BF4B-00C04F79EFBC}") = "BankApps - WindowsForm", "BankApps - WindowsForm\BankApps - WindowsForm.csproj", "{4DE3C55C-1F6E-4740-A844-CBA2FBF5EA46}"
EndProject
Project("{FAE04EC0-301F-11D3-BF4B-00C04F79EFBC}") = "BankApp.Repository", "BankApp.Repository\BankApp.Repository.csproj", "{BAC25117-81E1-4C40-AC8F-F0E489E27C01}"
EndProject
Project("{FAE04EC0-301F-11D3-BF4B-00C04F79EFBC}") = "BankApp.Core", "BankApp.Core\BankApp.Core.csproj", "{71E2804E-DE46-4C50-ADEA-71D5C8E958B4}"
EndProject
Global
	GlobalSection(SolutionConfigurationPlatforms) = preSolution
		Debug|Any CPU = Debug|Any CPU
		Release|Any CPU = Release|Any CPU
	EndGlobalSection
	GlobalSection(ProjectConfigurationPlatforms) = postSolution
		{E838F907-EB66-4A5F-95A1-7FAF57F0A69A}.Debug|Any CPU.ActiveCfg = Debug|Any CPU
		{E838F907-EB66-4A5F-95A1-7FAF57F0A69A}.Debug|Any CPU.Build.0 = Debug|Any CPU
		{E838F907-EB66-4A5F-95A1-7FAF57F0A69A}.Release|Any CPU.ActiveCfg = Release|Any CPU
		{E838F907-EB66-4A5F-95A1-7FAF57F0A69A}.Release|Any CPU.Build.0 = Release|Any CPU
		{E3CEF557-DB9A-48A2-94C3-C816F69B9D50}.Debug|Any CPU.ActiveCfg = Debug|Any CPU
		{E3CEF557-DB9A-48A2-94C3-C816F69B9D50}.Debug|Any CPU.Build.0 = Debug|Any CPU
		{E3CEF557-DB9A-48A2-94C3-C816F69B9D50}.Release|Any CPU.ActiveCfg = Release|Any CPU
		{E3CEF557-DB9A-48A2-94C3-C816F69B9D50}.Release|Any CPU.Build.0 = Release|Any CPU
		{4DE3C55C-1F6E-4740-A844-CBA2FBF5EA46}.Debug|Any CPU.ActiveCfg = Debug|Any CPU
		{4DE3C55C-1F6E-4740-A844-CBA2FBF5EA46}.Debug|Any CPU.Build.0 = Debug|Any CPU
		{4DE3C55C-1F6E-4740-A844-CBA2FBF5EA46}.Release|Any CPU.ActiveCfg = Release|Any CPU
		{4DE3C55C-1F6E-4740-A844-CBA2FBF5EA46}.Release|Any CPU.Build.0 = Release|Any CPU
		{BAC25117-81E1-4C40-AC8F-F0E489E27C01}.Debug|Any CPU.ActiveCfg = Debug|Any CPU
		{BAC25117-81E1-4C40-AC8F-F0E489E27C01}.Debug|Any CPU.Build.0 = Debug|Any CPU
		{BAC25117-81E1-4C40-AC8F-F0E489E27C01}.Release|Any CPU.ActiveCfg = Release|Any CPU
		{BAC25117-81E1-4C40-AC8F-F0E489E27C01}.Release|Any CPU.Build.0 = Release|Any CPU
		{71E2804E-DE46-4C50-ADEA-71D5C8E958B4}.Debug|Any CPU.ActiveCfg = Debug|Any CPU
		{71E2804E-DE46-4C50-ADEA-71D5C8E958B4}.Debug|Any CPU.Build.0 = Debug|Any CPU
		{71E2804E-DE46-4C50-ADEA-71D5C8E958B4}.Release|Any CPU.ActiveCfg = Release|Any CPU
		{71E2804E-DE46-4C50-ADEA-71D5C8E958B4}.Release|Any CPU.Build.0 = Release|Any CPU
	EndGlobalSection
	GlobalSection(SolutionProperties) = preSolution
		HideSolutionNode = FALSE
	EndGlobalSection
	GlobalSection(ExtensibilityGlobals) = postSolution
		SolutionGuid = {82DD9B46-0ED9-4B09-B8B1-E97C7D986C69}
	EndGlobalSection
EndGlobal
